
Microsoft Visual Studio Solution File, Format Version 12.00
# Visual Studio Version 17
VisualStudioVersion = 17.0.31612.314
MinimumVisualStudioVersion = 10.0.40219.1
Project("{FAE04EC0-301F-11D3-BF4B-00C04F79EFBC}") = "Agrobook.Api", "Agrobook.Api\Agrobook.Api.csproj", "{72C96944-0C62-4183-A55E-A039ED8BEE47}"
EndProject
Project("{FAE04EC0-301F-11D3-BF4B-00C04F79EFBC}") = "Agrobook.Infra.Data", "Agrobook.Infra.Data\Agrobook.Infra.Data.csproj", "{610A7FF8-AB36-4D6C-86D6-478D3421D945}"
EndProject
Project("{FAE04EC0-301F-11D3-BF4B-00C04F79EFBC}") = "Agrobook.Domain.Core", "Agrobook.Domain.Core\Agrobook.Domain.Core.csproj", "{3CCC91C0-2AF3-49B6-BCEC-060F3DF4642B}"
EndProject
Project("{FAE04EC0-301F-11D3-BF4B-00C04F79EFBC}") = "Agrobook.Domain", "Agrobook.Domain\Agrobook.Domain.csproj", "{A2DF48F3-9049-43FF-A0C7-7667512FFA86}"
EndProject
Global
	GlobalSection(SolutionConfigurationPlatforms) = preSolution
		Debug|Any CPU = Debug|Any CPU
		Release|Any CPU = Release|Any CPU
	EndGlobalSection
	GlobalSection(ProjectConfigurationPlatforms) = postSolution
		{72C96944-0C62-4183-A55E-A039ED8BEE47}.Debug|Any CPU.ActiveCfg = Debug|Any CPU
		{72C96944-0C62-4183-A55E-A039ED8BEE47}.Debug|Any CPU.Build.0 = Debug|Any CPU
		{72C96944-0C62-4183-A55E-A039ED8BEE47}.Release|Any CPU.ActiveCfg = Release|Any CPU
		{72C96944-0C62-4183-A55E-A039ED8BEE47}.Release|Any CPU.Build.0 = Release|Any CPU
		{610A7FF8-AB36-4D6C-86D6-478D3421D945}.Debug|Any CPU.ActiveCfg = Debug|Any CPU
		{610A7FF8-AB36-4D6C-86D6-478D3421D945}.Debug|Any CPU.Build.0 = Debug|Any CPU
		{610A7FF8-AB36-4D6C-86D6-478D3421D945}.Release|Any CPU.ActiveCfg = Release|Any CPU
		{610A7FF8-AB36-4D6C-86D6-478D3421D945}.Release|Any CPU.Build.0 = Release|Any CPU
		{3CCC91C0-2AF3-49B6-BCEC-060F3DF4642B}.Debug|Any CPU.ActiveCfg = Debug|Any CPU
		{3CCC91C0-2AF3-49B6-BCEC-060F3DF4642B}.Debug|Any CPU.Build.0 = Debug|Any CPU
		{3CCC91C0-2AF3-49B6-BCEC-060F3DF4642B}.Release|Any CPU.ActiveCfg = Release|Any CPU
		{3CCC91C0-2AF3-49B6-BCEC-060F3DF4642B}.Release|Any CPU.Build.0 = Release|Any CPU
		{A2DF48F3-9049-43FF-A0C7-7667512FFA86}.Debug|Any CPU.ActiveCfg = Debug|Any CPU
		{A2DF48F3-9049-43FF-A0C7-7667512FFA86}.Debug|Any CPU.Build.0 = Debug|Any CPU
		{A2DF48F3-9049-43FF-A0C7-7667512FFA86}.Release|Any CPU.ActiveCfg = Release|Any CPU
		{A2DF48F3-9049-43FF-A0C7-7667512FFA86}.Release|Any CPU.Build.0 = Release|Any CPU
	EndGlobalSection
	GlobalSection(SolutionProperties) = preSolution
		HideSolutionNode = FALSE
	EndGlobalSection
	GlobalSection(ExtensibilityGlobals) = postSolution
		SolutionGuid = {A764CEE7-B85E-4401-B601-BCA7D9297131}
	EndGlobalSection
EndGlobal
